
Microsoft Visual Studio Solution File, Format Version 12.00
# Visual Studio Version 16
VisualStudioVersion = 16.0.30128.74
MinimumVisualStudioVersion = 10.0.40219.1
Project("{2150E333-8FDC-42A3-9474-1A3956D46DE8}") = "src", "src", "{F212E865-D640-4E3E-A56E-C77DD4D2FE56}"
EndProject
Project("{2150E333-8FDC-42A3-9474-1A3956D46DE8}") = "Infrastructure", "Infrastructure", "{17FC20C2-5483-4B73-B29D-26E2B73461EE}"
EndProject
Project("{2150E333-8FDC-42A3-9474-1A3956D46DE8}") = "StocksAdapter", "StocksAdapter", "{86A88F02-A4BB-407D-BA0F-001CFE53F38A}"
EndProject
Project("{9A19103F-16F7-4668-BE54-9A1E7A4F7556}") = "BitfinexAdapter", "src\StocksAdapters\BitfinexAdapter\BitfinexAdapter.csproj", "{2147F94E-4390-44A3-8D1D-8CD825BFD29B}"
EndProject
Project("{9A19103F-16F7-4668-BE54-9A1E7A4F7556}") = "BitfinexAdapter.Logic", "src\StocksAdapters\BitfinexAdapter.Logic\BitfinexAdapter.Logic.csproj", "{12D68F65-FE37-413F-A99C-0887008D1EA7}"
EndProject
Project("{9A19103F-16F7-4668-BE54-9A1E7A4F7556}") = "Models", "src\Infrastructure\Models\Models.csproj", "{CB0B7440-94CA-40A9-A2B3-B5441F6C7650}"
EndProject
Project("{9A19103F-16F7-4668-BE54-9A1E7A4F7556}") = "Connectors", "src\Infrastructure\Connectors\Connectors.csproj", "{51E5E426-7352-4855-A4E9-7D1A5F4DED22}"
EndProject
Project("{9A19103F-16F7-4668-BE54-9A1E7A4F7556}") = "MessageBroker", "src\Infrastructure\MessageBroker\MessageBroker.csproj", "{9CF61DF8-7E63-4442-8486-751C9CADB024}"
EndProject
Project("{9A19103F-16F7-4668-BE54-9A1E7A4F7556}") = "CommonLogger", "src\Infrastructure\CommonLogger\CommonLogger.csproj", "{655E50E1-B2BF-48F6-9EF0-4C841FD30533}"
EndProject
Project("{9A19103F-16F7-4668-BE54-9A1E7A4F7556}") = "TelegramRoboBot", "src\Infrastructure\TelegramRoboBot\TelegramRoboBot.csproj", "{71458A92-4FF2-48BF-8782-4E808188F2A7}"
EndProject
Project("{2150E333-8FDC-42A3-9474-1A3956D46DE8}") = "tests", "tests", "{08D85C8B-DECA-45B6-931F-2614098C1A5E}"
EndProject
Project("{9A19103F-16F7-4668-BE54-9A1E7A4F7556}") = "Scheduler", "src\Infrastructure\Scheduler\Scheduler.csproj", "{F751F59C-2D64-4DA5-9E13-9B1E75C4ACF3}"
EndProject
Project("{2150E333-8FDC-42A3-9474-1A3956D46DE8}") = "StockAdapter.Tests", "StockAdapter.Tests", "{44A84364-C1F7-4214-A62C-B73E26960017}"
EndProject
Project("{9A19103F-16F7-4668-BE54-9A1E7A4F7556}") = "BitfinexAdapter.Logic.UnitTests", "tests\StockAdapter.Tests\BitfinexAdapter.Logic.Test\BitfinexAdapter.Logic.UnitTests.csproj", "{5AEA3683-0783-4C66-8209-7D6348322E4F}"
EndProject
Project("{2150E333-8FDC-42A3-9474-1A3956D46DE8}") = "Solution Items", "Solution Items", "{5986D182-B7CB-46ED-B675-E8C8880618C6}"
	ProjectSection(SolutionItems) = preProject
		.editorconfig = .editorconfig
	EndProjectSection
EndProject
Project("{9A19103F-16F7-4668-BE54-9A1E7A4F7556}") = "CommonValidator", "src\Infrastructure\CommonValidator\CommonValidator.csproj", "{6DEDE4B9-0FA4-4FB7-8C28-905DCA65A692}"
EndProject
Project("{2150E333-8FDC-42A3-9474-1A3956D46DE8}") = "IndicatorBuilder", "IndicatorBuilder", "{4669BF2E-7F8F-4907-ACBB-8A13E998D104}"
EndProject
Project("{9A19103F-16F7-4668-BE54-9A1E7A4F7556}") = "IndicatorsBuiderService", "src\IndicatorsBuilder\IndicatorsBuiderService\IndicatorsBuiderService.csproj", "{565B4C25-53DD-45E6-8D61-55B8F6A7EA1E}"
EndProject
Project("{9A19103F-16F7-4668-BE54-9A1E7A4F7556}") = "IndicatorsBuilderService.Logic", "src\IndicatorsBuilder\IndicatorsBuilderService.Logic\IndicatorsBuilderService.Logic.csproj", "{F7A840B7-1B12-49B5-8332-BB1223BDABFC}"
EndProject
Project("{2150E333-8FDC-42A3-9474-1A3956D46DE8}") = "Infrastructure", "Infrastructure", "{9209A5F4-2D34-4ED1-86E8-80E73468804C}"
EndProject
Project("{2150E333-8FDC-42A3-9474-1A3956D46DE8}") = "MessageBroker", "MessageBroker", "{3167328B-4D91-47C0-A10C-E04DCDBE5637}"
EndProject
Project("{9A19103F-16F7-4668-BE54-9A1E7A4F7556}") = "MessageBroker.Test", "tests\Infrastructure\MessageBroker\MessageBroker.Test\MessageBroker.Test.csproj", "{EBF1F7D1-371E-4D11-B191-0AA055083F25}"
EndProject
Project("{9A19103F-16F7-4668-BE54-9A1E7A4F7556}") = "Generator", "src\Infrastructure\Generator\Generator.csproj", "{A7846FDA-E87B-473B-B913-FE8B2DA63377}"
EndProject
Global
	GlobalSection(SolutionConfigurationPlatforms) = preSolution
		Debug|Any CPU = Debug|Any CPU
		Release|Any CPU = Release|Any CPU
	EndGlobalSection
	GlobalSection(ProjectConfigurationPlatforms) = postSolution
		{2147F94E-4390-44A3-8D1D-8CD825BFD29B}.Debug|Any CPU.ActiveCfg = Debug|Any CPU
		{2147F94E-4390-44A3-8D1D-8CD825BFD29B}.Debug|Any CPU.Build.0 = Debug|Any CPU
		{2147F94E-4390-44A3-8D1D-8CD825BFD29B}.Release|Any CPU.ActiveCfg = Release|Any CPU
		{2147F94E-4390-44A3-8D1D-8CD825BFD29B}.Release|Any CPU.Build.0 = Release|Any CPU
		{12D68F65-FE37-413F-A99C-0887008D1EA7}.Debug|Any CPU.ActiveCfg = Debug|Any CPU
		{12D68F65-FE37-413F-A99C-0887008D1EA7}.Debug|Any CPU.Build.0 = Debug|Any CPU
		{12D68F65-FE37-413F-A99C-0887008D1EA7}.Release|Any CPU.ActiveCfg = Release|Any CPU
		{12D68F65-FE37-413F-A99C-0887008D1EA7}.Release|Any CPU.Build.0 = Release|Any CPU
		{CB0B7440-94CA-40A9-A2B3-B5441F6C7650}.Debug|Any CPU.ActiveCfg = Debug|Any CPU
		{CB0B7440-94CA-40A9-A2B3-B5441F6C7650}.Debug|Any CPU.Build.0 = Debug|Any CPU
		{CB0B7440-94CA-40A9-A2B3-B5441F6C7650}.Release|Any CPU.ActiveCfg = Release|Any CPU
		{CB0B7440-94CA-40A9-A2B3-B5441F6C7650}.Release|Any CPU.Build.0 = Release|Any CPU
		{51E5E426-7352-4855-A4E9-7D1A5F4DED22}.Debug|Any CPU.ActiveCfg = Debug|Any CPU
		{51E5E426-7352-4855-A4E9-7D1A5F4DED22}.Debug|Any CPU.Build.0 = Debug|Any CPU
		{51E5E426-7352-4855-A4E9-7D1A5F4DED22}.Release|Any CPU.ActiveCfg = Release|Any CPU
		{51E5E426-7352-4855-A4E9-7D1A5F4DED22}.Release|Any CPU.Build.0 = Release|Any CPU
		{9CF61DF8-7E63-4442-8486-751C9CADB024}.Debug|Any CPU.ActiveCfg = Debug|Any CPU
		{9CF61DF8-7E63-4442-8486-751C9CADB024}.Debug|Any CPU.Build.0 = Debug|Any CPU
		{9CF61DF8-7E63-4442-8486-751C9CADB024}.Release|Any CPU.ActiveCfg = Release|Any CPU
		{9CF61DF8-7E63-4442-8486-751C9CADB024}.Release|Any CPU.Build.0 = Release|Any CPU
		{655E50E1-B2BF-48F6-9EF0-4C841FD30533}.Debug|Any CPU.ActiveCfg = Debug|Any CPU
		{655E50E1-B2BF-48F6-9EF0-4C841FD30533}.Debug|Any CPU.Build.0 = Debug|Any CPU
		{655E50E1-B2BF-48F6-9EF0-4C841FD30533}.Release|Any CPU.ActiveCfg = Release|Any CPU
		{655E50E1-B2BF-48F6-9EF0-4C841FD30533}.Release|Any CPU.Build.0 = Release|Any CPU
		{71458A92-4FF2-48BF-8782-4E808188F2A7}.Debug|Any CPU.ActiveCfg = Debug|Any CPU
		{71458A92-4FF2-48BF-8782-4E808188F2A7}.Debug|Any CPU.Build.0 = Debug|Any CPU
		{71458A92-4FF2-48BF-8782-4E808188F2A7}.Release|Any CPU.ActiveCfg = Release|Any CPU
		{71458A92-4FF2-48BF-8782-4E808188F2A7}.Release|Any CPU.Build.0 = Release|Any CPU
		{F751F59C-2D64-4DA5-9E13-9B1E75C4ACF3}.Debug|Any CPU.ActiveCfg = Debug|Any CPU
		{F751F59C-2D64-4DA5-9E13-9B1E75C4ACF3}.Debug|Any CPU.Build.0 = Debug|Any CPU
		{F751F59C-2D64-4DA5-9E13-9B1E75C4ACF3}.Release|Any CPU.ActiveCfg = Release|Any CPU
		{F751F59C-2D64-4DA5-9E13-9B1E75C4ACF3}.Release|Any CPU.Build.0 = Release|Any CPU
		{5AEA3683-0783-4C66-8209-7D6348322E4F}.Debug|Any CPU.ActiveCfg = Debug|Any CPU
		{5AEA3683-0783-4C66-8209-7D6348322E4F}.Debug|Any CPU.Build.0 = Debug|Any CPU
		{5AEA3683-0783-4C66-8209-7D6348322E4F}.Release|Any CPU.ActiveCfg = Release|Any CPU
		{5AEA3683-0783-4C66-8209-7D6348322E4F}.Release|Any CPU.Build.0 = Release|Any CPU
		{6DEDE4B9-0FA4-4FB7-8C28-905DCA65A692}.Debug|Any CPU.ActiveCfg = Debug|Any CPU
		{6DEDE4B9-0FA4-4FB7-8C28-905DCA65A692}.Debug|Any CPU.Build.0 = Debug|Any CPU
		{6DEDE4B9-0FA4-4FB7-8C28-905DCA65A692}.Release|Any CPU.ActiveCfg = Release|Any CPU
		{6DEDE4B9-0FA4-4FB7-8C28-905DCA65A692}.Release|Any CPU.Build.0 = Release|Any CPU
		{565B4C25-53DD-45E6-8D61-55B8F6A7EA1E}.Debug|Any CPU.ActiveCfg = Debug|Any CPU
		{565B4C25-53DD-45E6-8D61-55B8F6A7EA1E}.Debug|Any CPU.Build.0 = Debug|Any CPU
		{565B4C25-53DD-45E6-8D61-55B8F6A7EA1E}.Release|Any CPU.ActiveCfg = Release|Any CPU
		{565B4C25-53DD-45E6-8D61-55B8F6A7EA1E}.Release|Any CPU.Build.0 = Release|Any CPU
		{F7A840B7-1B12-49B5-8332-BB1223BDABFC}.Debug|Any CPU.ActiveCfg = Debug|Any CPU
		{F7A840B7-1B12-49B5-8332-BB1223BDABFC}.Debug|Any CPU.Build.0 = Debug|Any CPU
		{F7A840B7-1B12-49B5-8332-BB1223BDABFC}.Release|Any CPU.ActiveCfg = Release|Any CPU
		{F7A840B7-1B12-49B5-8332-BB1223BDABFC}.Release|Any CPU.Build.0 = Release|Any CPU
		{EBF1F7D1-371E-4D11-B191-0AA055083F25}.Debug|Any CPU.ActiveCfg = Debug|Any CPU
		{EBF1F7D1-371E-4D11-B191-0AA055083F25}.Debug|Any CPU.Build.0 = Debug|Any CPU
		{EBF1F7D1-371E-4D11-B191-0AA055083F25}.Release|Any CPU.ActiveCfg = Release|Any CPU
		{EBF1F7D1-371E-4D11-B191-0AA055083F25}.Release|Any CPU.Build.0 = Release|Any CPU
		{A7846FDA-E87B-473B-B913-FE8B2DA63377}.Debug|Any CPU.ActiveCfg = Debug|Any CPU
		{A7846FDA-E87B-473B-B913-FE8B2DA63377}.Debug|Any CPU.Build.0 = Debug|Any CPU
		{A7846FDA-E87B-473B-B913-FE8B2DA63377}.Release|Any CPU.ActiveCfg = Release|Any CPU
		{A7846FDA-E87B-473B-B913-FE8B2DA63377}.Release|Any CPU.Build.0 = Release|Any CPU
	EndGlobalSection
	GlobalSection(SolutionProperties) = preSolution
		HideSolutionNode = FALSE
	EndGlobalSection
	GlobalSection(NestedProjects) = preSolution
		{17FC20C2-5483-4B73-B29D-26E2B73461EE} = {F212E865-D640-4E3E-A56E-C77DD4D2FE56}
		{86A88F02-A4BB-407D-BA0F-001CFE53F38A} = {F212E865-D640-4E3E-A56E-C77DD4D2FE56}
		{2147F94E-4390-44A3-8D1D-8CD825BFD29B} = {86A88F02-A4BB-407D-BA0F-001CFE53F38A}
		{12D68F65-FE37-413F-A99C-0887008D1EA7} = {86A88F02-A4BB-407D-BA0F-001CFE53F38A}
		{CB0B7440-94CA-40A9-A2B3-B5441F6C7650} = {17FC20C2-5483-4B73-B29D-26E2B73461EE}
		{51E5E426-7352-4855-A4E9-7D1A5F4DED22} = {17FC20C2-5483-4B73-B29D-26E2B73461EE}
		{9CF61DF8-7E63-4442-8486-751C9CADB024} = {17FC20C2-5483-4B73-B29D-26E2B73461EE}
		{655E50E1-B2BF-48F6-9EF0-4C841FD30533} = {17FC20C2-5483-4B73-B29D-26E2B73461EE}
		{71458A92-4FF2-48BF-8782-4E808188F2A7} = {17FC20C2-5483-4B73-B29D-26E2B73461EE}
		{F751F59C-2D64-4DA5-9E13-9B1E75C4ACF3} = {17FC20C2-5483-4B73-B29D-26E2B73461EE}
		{44A84364-C1F7-4214-A62C-B73E26960017} = {08D85C8B-DECA-45B6-931F-2614098C1A5E}
		{5AEA3683-0783-4C66-8209-7D6348322E4F} = {44A84364-C1F7-4214-A62C-B73E26960017}
		{6DEDE4B9-0FA4-4FB7-8C28-905DCA65A692} = {17FC20C2-5483-4B73-B29D-26E2B73461EE}
		{4669BF2E-7F8F-4907-ACBB-8A13E998D104} = {F212E865-D640-4E3E-A56E-C77DD4D2FE56}
		{565B4C25-53DD-45E6-8D61-55B8F6A7EA1E} = {4669BF2E-7F8F-4907-ACBB-8A13E998D104}
		{F7A840B7-1B12-49B5-8332-BB1223BDABFC} = {4669BF2E-7F8F-4907-ACBB-8A13E998D104}
		{9209A5F4-2D34-4ED1-86E8-80E73468804C} = {08D85C8B-DECA-45B6-931F-2614098C1A5E}
		{3167328B-4D91-47C0-A10C-E04DCDBE5637} = {9209A5F4-2D34-4ED1-86E8-80E73468804C}
		{EBF1F7D1-371E-4D11-B191-0AA055083F25} = {3167328B-4D91-47C0-A10C-E04DCDBE5637}
		{A7846FDA-E87B-473B-B913-FE8B2DA63377} = {17FC20C2-5483-4B73-B29D-26E2B73461EE}
	EndGlobalSection
	GlobalSection(ExtensibilityGlobals) = postSolution
		SolutionGuid = {4583706F-0CC0-4E9E-BFAD-9A78B6F62F2A}
	EndGlobalSection
EndGlobal
